
Microsoft Visual Studio Solution File, Format Version 12.00
# Visual Studio Version 17
VisualStudioVersion = 17.13.35931.197 d17.13
MinimumVisualStudioVersion = 10.0.40219.1
Project("{FAE04EC0-301F-11D3-BF4B-00C04F79EFBC}") = "Publisher.Api_Program", "Publisher.Api_Program\Publisher.Api_Program.csproj", "{519943B4-E58E-47E2-B9D6-47E3F5674011}"
EndProject
Project("{FAE04EC0-301F-11D3-BF4B-00C04F79EFBC}") = "Publisher.Domain", "Publisher.Domain\Publisher.Domain.csproj", "{2FC388F9-D450-4F90-970E-53E7A803BAD7}"
EndProject
Global
	GlobalSection(SolutionConfigurationPlatforms) = preSolution
		Debug|Any CPU = Debug|Any CPU
		Release|Any CPU = Release|Any CPU
	EndGlobalSection
	GlobalSection(ProjectConfigurationPlatforms) = postSolution
		{519943B4-E58E-47E2-B9D6-47E3F5674011}.Debug|Any CPU.ActiveCfg = Debug|Any CPU
		{519943B4-E58E-47E2-B9D6-47E3F5674011}.Debug|Any CPU.Build.0 = Debug|Any CPU
		{519943B4-E58E-47E2-B9D6-47E3F5674011}.Release|Any CPU.ActiveCfg = Release|Any CPU
		{519943B4-E58E-47E2-B9D6-47E3F5674011}.Release|Any CPU.Build.0 = Release|Any CPU
		{2FC388F9-D450-4F90-970E-53E7A803BAD7}.Debug|Any CPU.ActiveCfg = Debug|Any CPU
		{2FC388F9-D450-4F90-970E-53E7A803BAD7}.Debug|Any CPU.Build.0 = Debug|Any CPU
		{2FC388F9-D450-4F90-970E-53E7A803BAD7}.Release|Any CPU.ActiveCfg = Release|Any CPU
		{2FC388F9-D450-4F90-970E-53E7A803BAD7}.Release|Any CPU.Build.0 = Release|Any CPU
	EndGlobalSection
	GlobalSection(SolutionProperties) = preSolution
		HideSolutionNode = FALSE
	EndGlobalSection
	GlobalSection(ExtensibilityGlobals) = postSolution
		SolutionGuid = {B5FCBD51-8816-4ABC-821D-97B0C9D90681}
	EndGlobalSection
EndGlobal
